{
  "version": "5",
  "specifiers": {
    "npm:oceanic.js@*": "1.12.0",
    "npm:oceanic.js@^1.12.1-dev.4909094": "1.12.1-dev.fd0cb72"
  },
  "npm": {
    "@discordjs/voice@0.18.0": {
      "integrity": "sha512-BvX6+VJE5/vhD9azV9vrZEt9hL1G+GlOdsQaVl5iv9n87fkXjf3cSwllhR3GdaUC8m6dqT8umXIWtn3yCu4afg==",
      "dependencies": [
        "@types/ws",
        "discord-api-types",
        "prism-media",
        "tslib",
        "ws"
      ]
    },
    "@types/node@22.5.4": {
      "integrity": "sha512-FDuKUJQm/ju9fT/SeX/6+gBzoPzlVCzfzmGkwKvRHQVxi4BntVbyIwf6a4Xn62mrvndLiml6z/UBXIdEVjQLXg==",
      "dependencies": [
        "undici-types"
      ]
    },
    "@types/ws@8.18.1": {
      "integrity": "sha512-ThVF6DCVhA8kUGy+aazFQ4kXQ7E1Ty7A3ypFOe0IcJV8O/M511G99AW24irKrW56Wt44yG9+ij8FaqoBGkuBXg==",
      "dependencies": [
        "@types/node"
      ]
    },
    "discord-api-types@0.37.120": {
      "integrity": "sha512-7xpNK0EiWjjDFp2nAhHXezE4OUWm7s1zhc/UXXN6hnFFU8dfoPHgV0Hx0RPiCa3ILRpdeh152icc68DGCyXYIw=="
    },
    "oceanic.js@1.12.0": {
      "integrity": "sha512-e3h5ptwBfbX4/gDz13UFiIfAFsaZrXDwJbfTdV7YEKdQG6d0A6of2KGzkBbqXrVC5wmM/7TWAYeh2fe9zuxGYA==",
      "dependencies": [
        "tslib",
        "ws"
      ],
      "optionalDependencies": [
        "@discordjs/voice"
      ]
    },
    "oceanic.js@1.12.1-dev.fd0cb72": {
      "integrity": "sha512-5AKi2oj1zg9p7GdYt24YkwVr4DVYRww6UVYQ6zjEKKvnHRwDA8K4aQbr1fIljh5UsPneg3hOn1QOJLA4gIX8XQ==",
      "dependencies": [
        "tslib",
        "ws"
      ],
      "optionalDependencies": [
        "@discordjs/voice"
      ],
      "deprecated": true
    },
    "prism-media@1.3.5": {
      "integrity": "sha512-IQdl0Q01m4LrkN1EGIE9lphov5Hy7WWlH6ulf5QdGePLlPas9p2mhgddTEHrlaXYjjFToM1/rWuwF37VF4taaA=="
    },
    "tslib@2.8.1": {
      "integrity": "sha512-oJFu94HQb+KVduSUQL7wnpmqnfmLsOA/nAh6b6EH0wCEoK0/mPeXU6c3wKDV83MkOuHPRHtSXKKU99IBazS/2w=="
    },
    "undici-types@6.19.8": {
      "integrity": "sha512-ve2KP6f/JnbPBFyobGHuerC9g1FYGn/F8n1LWTwNxCEzd6IfqTwUQcNXgEtmmQ6DlRrC1hrSrBnCZPokRrDHjw=="
    },
    "ws@8.18.2": {
      "integrity": "sha512-DMricUmwGZUVr++AEAe2uiVM7UoO9MAVZMDu05UQOaUII0lp+zOzLLU4Xqh/JvTqklB1T4uELaaPBKyjE1r4fQ=="
    }
  },
  "workspace": {
    "dependencies": [
      "npm:oceanic.js@^1.12.1-dev.4909094"
    ]
  }
}
